
Microsoft Visual Studio Solution File, Format Version 12.00
# Visual Studio Version 17
VisualStudioVersion = 17.2.32526.322
MinimumVisualStudioVersion = 10.0.40219.1
Project("{8BC9CEB8-8B4A-11D0-8D11-00A0C91BC942}") = "Programmers", "Programmers\Programmers.vcxproj", "{45311FE2-6D92-4160-BE72-03CDB21D136D}"
EndProject
Project("{2150E333-8FDC-42A3-9474-1A3956D46DE8}") = "Level_0", "Level_0", "{243B531E-BA4D-4B65-A95F-C5A62A599CAD}"
EndProject
Project("{2150E333-8FDC-42A3-9474-1A3956D46DE8}") = "Level_01", "Level_01", "{C380A59B-4090-4339-A01C-72A6D767DF5D}"
EndProject
Project("{8BC9CEB8-8B4A-11D0-8D11-00A0C91BC942}") = "21_가운데 글자 가져오기", "Level_01\21_가운데 글자 가져오기\21_가운데 글자 가져오기.vcxproj", "{8F72F73E-DB91-433E-8403-256FE7BC6345}"
EndProject
Project("{8BC9CEB8-8B4A-11D0-8D11-00A0C91BC942}") = "22_수박수박수박수박수박수", "22_수박수박수박수박수박수\22_수박수박수박수박수박수.vcxproj", "{A8431F2E-A807-422D-B7BF-6B60736CBBFC}"
EndProject
Project("{8BC9CEB8-8B4A-11D0-8D11-00A0C91BC942}") = "23_내적", "Level_01\23_내적\23_내적.vcxproj", "{8ADDA091-4FCF-46E2-8CF9-7D67B15B7E57}"
EndProject
Project("{8BC9CEB8-8B4A-11D0-8D11-00A0C91BC942}") = "24_약수의 개수와 덧셈", "Level_01\24_약수의 개수와 덧셈\24_약수의 개수와 덧셈.vcxproj", "{FC9A8A9A-08DB-479B-A5EF-A387A8C580FC}"
EndProject
Project("{8BC9CEB8-8B4A-11D0-8D11-00A0C91BC942}") = "25_문자열 내림차순으로 배치하기", "Level_01\25_문자열 내림차순으로 배치하기\25_문자열 내림차순으로 배치하기.vcxproj", "{DC84C7E2-B6AC-4A59-BB8B-1460F738F406}"
EndProject
Project("{8BC9CEB8-8B4A-11D0-8D11-00A0C91BC942}") = "26_부족한 금액 계산하기", "Level_01\26_부족한 금액 계산하기\26_부족한 금액 계산하기.vcxproj", "{9F0FE583-5D4C-4DEC-B822-3E015F8571DE}"
EndProject
Project("{8BC9CEB8-8B4A-11D0-8D11-00A0C91BC942}") = "27_문자열 다루기 기본", "Level_01\27_문자열 다루기 기본\27_문자열 다루기 기본.vcxproj", "{4FEB8DC6-16E5-4D36-8257-83C7CE20834E}"
EndProject
Global
	GlobalSection(SolutionConfigurationPlatforms) = preSolution
		Debug|x64 = Debug|x64
		Debug|x86 = Debug|x86
		Release|x64 = Release|x64
		Release|x86 = Release|x86
	EndGlobalSection
	GlobalSection(ProjectConfigurationPlatforms) = postSolution
		{45311FE2-6D92-4160-BE72-03CDB21D136D}.Debug|x64.ActiveCfg = Debug|x64
		{45311FE2-6D92-4160-BE72-03CDB21D136D}.Debug|x64.Build.0 = Debug|x64
		{45311FE2-6D92-4160-BE72-03CDB21D136D}.Debug|x86.ActiveCfg = Debug|Win32
		{45311FE2-6D92-4160-BE72-03CDB21D136D}.Debug|x86.Build.0 = Debug|Win32
		{45311FE2-6D92-4160-BE72-03CDB21D136D}.Release|x64.ActiveCfg = Release|x64
		{45311FE2-6D92-4160-BE72-03CDB21D136D}.Release|x64.Build.0 = Release|x64
		{45311FE2-6D92-4160-BE72-03CDB21D136D}.Release|x86.ActiveCfg = Release|Win32
		{45311FE2-6D92-4160-BE72-03CDB21D136D}.Release|x86.Build.0 = Release|Win32
		{8F72F73E-DB91-433E-8403-256FE7BC6345}.Debug|x64.ActiveCfg = Debug|x64
		{8F72F73E-DB91-433E-8403-256FE7BC6345}.Debug|x64.Build.0 = Debug|x64
		{8F72F73E-DB91-433E-8403-256FE7BC6345}.Debug|x86.ActiveCfg = Debug|Win32
		{8F72F73E-DB91-433E-8403-256FE7BC6345}.Debug|x86.Build.0 = Debug|Win32
		{8F72F73E-DB91-433E-8403-256FE7BC6345}.Release|x64.ActiveCfg = Release|x64
		{8F72F73E-DB91-433E-8403-256FE7BC6345}.Release|x64.Build.0 = Release|x64
		{8F72F73E-DB91-433E-8403-256FE7BC6345}.Release|x86.ActiveCfg = Release|Win32
		{8F72F73E-DB91-433E-8403-256FE7BC6345}.Release|x86.Build.0 = Release|Win32
		{A8431F2E-A807-422D-B7BF-6B60736CBBFC}.Debug|x64.ActiveCfg = Debug|x64
		{A8431F2E-A807-422D-B7BF-6B60736CBBFC}.Debug|x64.Build.0 = Debug|x64
		{A8431F2E-A807-422D-B7BF-6B60736CBBFC}.Debug|x86.ActiveCfg = Debug|Win32
		{A8431F2E-A807-422D-B7BF-6B60736CBBFC}.Debug|x86.Build.0 = Debug|Win32
		{A8431F2E-A807-422D-B7BF-6B60736CBBFC}.Release|x64.ActiveCfg = Release|x64
		{A8431F2E-A807-422D-B7BF-6B60736CBBFC}.Release|x64.Build.0 = Release|x64
		{A8431F2E-A807-422D-B7BF-6B60736CBBFC}.Release|x86.ActiveCfg = Release|Win32
		{A8431F2E-A807-422D-B7BF-6B60736CBBFC}.Release|x86.Build.0 = Release|Win32
		{8ADDA091-4FCF-46E2-8CF9-7D67B15B7E57}.Debug|x64.ActiveCfg = Debug|x64
		{8ADDA091-4FCF-46E2-8CF9-7D67B15B7E57}.Debug|x64.Build.0 = Debug|x64
		{8ADDA091-4FCF-46E2-8CF9-7D67B15B7E57}.Debug|x86.ActiveCfg = Debug|Win32
		{8ADDA091-4FCF-46E2-8CF9-7D67B15B7E57}.Debug|x86.Build.0 = Debug|Win32
		{8ADDA091-4FCF-46E2-8CF9-7D67B15B7E57}.Release|x64.ActiveCfg = Release|x64
		{8ADDA091-4FCF-46E2-8CF9-7D67B15B7E57}.Release|x64.Build.0 = Release|x64
		{8ADDA091-4FCF-46E2-8CF9-7D67B15B7E57}.Release|x86.ActiveCfg = Release|Win32
		{8ADDA091-4FCF-46E2-8CF9-7D67B15B7E57}.Release|x86.Build.0 = Release|Win32
		{FC9A8A9A-08DB-479B-A5EF-A387A8C580FC}.Debug|x64.ActiveCfg = Debug|x64
		{FC9A8A9A-08DB-479B-A5EF-A387A8C580FC}.Debug|x64.Build.0 = Debug|x64
		{FC9A8A9A-08DB-479B-A5EF-A387A8C580FC}.Debug|x86.ActiveCfg = Debug|Win32
		{FC9A8A9A-08DB-479B-A5EF-A387A8C580FC}.Debug|x86.Build.0 = Debug|Win32
		{FC9A8A9A-08DB-479B-A5EF-A387A8C580FC}.Release|x64.ActiveCfg = Release|x64
		{FC9A8A9A-08DB-479B-A5EF-A387A8C580FC}.Release|x64.Build.0 = Release|x64
		{FC9A8A9A-08DB-479B-A5EF-A387A8C580FC}.Release|x86.ActiveCfg = Release|Win32
		{FC9A8A9A-08DB-479B-A5EF-A387A8C580FC}.Release|x86.Build.0 = Release|Win32
		{DC84C7E2-B6AC-4A59-BB8B-1460F738F406}.Debug|x64.ActiveCfg = Debug|x64
		{DC84C7E2-B6AC-4A59-BB8B-1460F738F406}.Debug|x64.Build.0 = Debug|x64
		{DC84C7E2-B6AC-4A59-BB8B-1460F738F406}.Debug|x86.ActiveCfg = Debug|Win32
		{DC84C7E2-B6AC-4A59-BB8B-1460F738F406}.Debug|x86.Build.0 = Debug|Win32
		{DC84C7E2-B6AC-4A59-BB8B-1460F738F406}.Release|x64.ActiveCfg = Release|x64
		{DC84C7E2-B6AC-4A59-BB8B-1460F738F406}.Release|x64.Build.0 = Release|x64
		{DC84C7E2-B6AC-4A59-BB8B-1460F738F406}.Release|x86.ActiveCfg = Release|Win32
		{DC84C7E2-B6AC-4A59-BB8B-1460F738F406}.Release|x86.Build.0 = Release|Win32
		{9F0FE583-5D4C-4DEC-B822-3E015F8571DE}.Debug|x64.ActiveCfg = Debug|x64
		{9F0FE583-5D4C-4DEC-B822-3E015F8571DE}.Debug|x64.Build.0 = Debug|x64
		{9F0FE583-5D4C-4DEC-B822-3E015F8571DE}.Debug|x86.ActiveCfg = Debug|Win32
		{9F0FE583-5D4C-4DEC-B822-3E015F8571DE}.Debug|x86.Build.0 = Debug|Win32
		{9F0FE583-5D4C-4DEC-B822-3E015F8571DE}.Release|x64.ActiveCfg = Release|x64
		{9F0FE583-5D4C-4DEC-B822-3E015F8571DE}.Release|x64.Build.0 = Release|x64
		{9F0FE583-5D4C-4DEC-B822-3E015F8571DE}.Release|x86.ActiveCfg = Release|Win32
		{9F0FE583-5D4C-4DEC-B822-3E015F8571DE}.Release|x86.Build.0 = Release|Win32
		{4FEB8DC6-16E5-4D36-8257-83C7CE20834E}.Debug|x64.ActiveCfg = Debug|x64
		{4FEB8DC6-16E5-4D36-8257-83C7CE20834E}.Debug|x64.Build.0 = Debug|x64
		{4FEB8DC6-16E5-4D36-8257-83C7CE20834E}.Debug|x86.ActiveCfg = Debug|Win32
		{4FEB8DC6-16E5-4D36-8257-83C7CE20834E}.Debug|x86.Build.0 = Debug|Win32
		{4FEB8DC6-16E5-4D36-8257-83C7CE20834E}.Release|x64.ActiveCfg = Release|x64
		{4FEB8DC6-16E5-4D36-8257-83C7CE20834E}.Release|x64.Build.0 = Release|x64
		{4FEB8DC6-16E5-4D36-8257-83C7CE20834E}.Release|x86.ActiveCfg = Release|Win32
		{4FEB8DC6-16E5-4D36-8257-83C7CE20834E}.Release|x86.Build.0 = Release|Win32
	EndGlobalSection
	GlobalSection(SolutionProperties) = preSolution
		HideSolutionNode = FALSE
	EndGlobalSection
	GlobalSection(NestedProjects) = preSolution
		{8F72F73E-DB91-433E-8403-256FE7BC6345} = {C380A59B-4090-4339-A01C-72A6D767DF5D}
		{A8431F2E-A807-422D-B7BF-6B60736CBBFC} = {C380A59B-4090-4339-A01C-72A6D767DF5D}
		{8ADDA091-4FCF-46E2-8CF9-7D67B15B7E57} = {C380A59B-4090-4339-A01C-72A6D767DF5D}
		{FC9A8A9A-08DB-479B-A5EF-A387A8C580FC} = {C380A59B-4090-4339-A01C-72A6D767DF5D}
		{DC84C7E2-B6AC-4A59-BB8B-1460F738F406} = {C380A59B-4090-4339-A01C-72A6D767DF5D}
		{9F0FE583-5D4C-4DEC-B822-3E015F8571DE} = {C380A59B-4090-4339-A01C-72A6D767DF5D}
		{4FEB8DC6-16E5-4D36-8257-83C7CE20834E} = {C380A59B-4090-4339-A01C-72A6D767DF5D}
	EndGlobalSection
	GlobalSection(ExtensibilityGlobals) = postSolution
		SolutionGuid = {CAA886D7-9147-4036-BEB1-4D5763D86490}
	EndGlobalSection
EndGlobal
