
Microsoft Visual Studio Solution File, Format Version 12.00
# Visual Studio Version 17
VisualStudioVersion = 17.2.32526.322
MinimumVisualStudioVersion = 10.0.40219.1
Project("{8BC9CEB8-8B4A-11D0-8D11-00A0C91BC942}") = "Programmers", "Programmers\Programmers.vcxproj", "{45311FE2-6D92-4160-BE72-03CDB21D136D}"
EndProject
Project("{2150E333-8FDC-42A3-9474-1A3956D46DE8}") = "Level_0", "Level_0", "{243B531E-BA4D-4B65-A95F-C5A62A599CAD}"
EndProject
Project("{8BC9CEB8-8B4A-11D0-8D11-00A0C91BC942}") = "01_문자열 출력하기", "01_문자열 출력하기\01_문자열 출력하기.vcxproj", "{AD2B56C1-29C7-43D6-BC01-7FC427AE8354}"
EndProject
Project("{8BC9CEB8-8B4A-11D0-8D11-00A0C91BC942}") = "02_a와 b 출력하기", "02_a와 b 출력하기\02_a와 b 출력하기.vcxproj", "{9B1AE057-5E8D-4968-B233-15A9F6CD6489}"
EndProject
Project("{8BC9CEB8-8B4A-11D0-8D11-00A0C91BC942}") = "03_문자열 반복해서 출력하기", "03_문자열 반복해서 출력하기\03_문자열 반복해서 출력하기.vcxproj", "{7E99A190-81B6-442A-82BF-4A8B76E2E92C}"
EndProject
Project("{8BC9CEB8-8B4A-11D0-8D11-00A0C91BC942}") = "04_대소문자 바꿔서 출력하기", "04_대소문자 바꿔서 출력하기\04_대소문자 바꿔서 출력하기.vcxproj", "{3D343A84-A4AC-43E3-BFAF-046CD83AEFE8}"
EndProject
Project("{8BC9CEB8-8B4A-11D0-8D11-00A0C91BC942}") = "05_특수문자 출력하기", "05_특수문자 출력하기\05_특수문자 출력하기.vcxproj", "{F8C9D79F-B7E5-4F00-804D-2B6309FDDC1B}"
EndProject
Project("{8BC9CEB8-8B4A-11D0-8D11-00A0C91BC942}") = "06_덧셈식 출력하기", "06_덧셈식 출력하기\06_덧셈식 출력하기.vcxproj", "{E2C430C2-02CE-4269-B72C-A6D71F5DFFE4}"
EndProject
Project("{8BC9CEB8-8B4A-11D0-8D11-00A0C91BC942}") = "07_문자열 붙여서 출력하기", "07_문자열 붙여서 출력하기\07_문자열 붙여서 출력하기.vcxproj", "{864639F1-5F9B-4E70-9C8E-300F79CE8397}"
EndProject
Project("{8BC9CEB8-8B4A-11D0-8D11-00A0C91BC942}") = "08_문자열 돌리기", "08_문자열 돌리기\08_문자열 돌리기.vcxproj", "{9A70D353-45D3-48DD-BC44-9149E4004210}"
EndProject
Project("{8BC9CEB8-8B4A-11D0-8D11-00A0C91BC942}") = "09_홀짝 구분하기", "09_홀짝 구분하기\09_홀짝 구분하기.vcxproj", "{D2CF9C23-309E-46F8-BAA4-6CF0A4A794AD}"
EndProject
Project("{8BC9CEB8-8B4A-11D0-8D11-00A0C91BC942}") = "10_문자열 겹쳐쓰기", "10_문자열 겹쳐쓰기\10_문자열 겹쳐쓰기.vcxproj", "{A747F2CC-9424-4556-B2B3-5278FE415F4F}"
EndProject
Project("{8BC9CEB8-8B4A-11D0-8D11-00A0C91BC942}") = "11_문자열 섞기", "11_문자열 섞기\11_문자열 섞기.vcxproj", "{11529E0B-00E8-453F-B057-695584B2CEA4}"
EndProject
Project("{8BC9CEB8-8B4A-11D0-8D11-00A0C91BC942}") = "12_문자 리스트를 문자열로 변환하기", "12_문자 리스트를 문자열로 변환하기\12_문자 리스트를 문자열로 변환하기.vcxproj", "{C722425D-9C37-48C3-9ED8-8111EECC222F}"
EndProject
Global
	GlobalSection(SolutionConfigurationPlatforms) = preSolution
		Debug|x64 = Debug|x64
		Debug|x86 = Debug|x86
		Release|x64 = Release|x64
		Release|x86 = Release|x86
	EndGlobalSection
	GlobalSection(ProjectConfigurationPlatforms) = postSolution
		{45311FE2-6D92-4160-BE72-03CDB21D136D}.Debug|x64.ActiveCfg = Debug|x64
		{45311FE2-6D92-4160-BE72-03CDB21D136D}.Debug|x64.Build.0 = Debug|x64
		{45311FE2-6D92-4160-BE72-03CDB21D136D}.Debug|x86.ActiveCfg = Debug|Win32
		{45311FE2-6D92-4160-BE72-03CDB21D136D}.Debug|x86.Build.0 = Debug|Win32
		{45311FE2-6D92-4160-BE72-03CDB21D136D}.Release|x64.ActiveCfg = Release|x64
		{45311FE2-6D92-4160-BE72-03CDB21D136D}.Release|x64.Build.0 = Release|x64
		{45311FE2-6D92-4160-BE72-03CDB21D136D}.Release|x86.ActiveCfg = Release|Win32
		{45311FE2-6D92-4160-BE72-03CDB21D136D}.Release|x86.Build.0 = Release|Win32
		{AD2B56C1-29C7-43D6-BC01-7FC427AE8354}.Debug|x64.ActiveCfg = Debug|x64
		{AD2B56C1-29C7-43D6-BC01-7FC427AE8354}.Debug|x64.Build.0 = Debug|x64
		{AD2B56C1-29C7-43D6-BC01-7FC427AE8354}.Debug|x86.ActiveCfg = Debug|Win32
		{AD2B56C1-29C7-43D6-BC01-7FC427AE8354}.Debug|x86.Build.0 = Debug|Win32
		{AD2B56C1-29C7-43D6-BC01-7FC427AE8354}.Release|x64.ActiveCfg = Release|x64
		{AD2B56C1-29C7-43D6-BC01-7FC427AE8354}.Release|x64.Build.0 = Release|x64
		{AD2B56C1-29C7-43D6-BC01-7FC427AE8354}.Release|x86.ActiveCfg = Release|Win32
		{AD2B56C1-29C7-43D6-BC01-7FC427AE8354}.Release|x86.Build.0 = Release|Win32
		{9B1AE057-5E8D-4968-B233-15A9F6CD6489}.Debug|x64.ActiveCfg = Debug|x64
		{9B1AE057-5E8D-4968-B233-15A9F6CD6489}.Debug|x64.Build.0 = Debug|x64
		{9B1AE057-5E8D-4968-B233-15A9F6CD6489}.Debug|x86.ActiveCfg = Debug|Win32
		{9B1AE057-5E8D-4968-B233-15A9F6CD6489}.Debug|x86.Build.0 = Debug|Win32
		{9B1AE057-5E8D-4968-B233-15A9F6CD6489}.Release|x64.ActiveCfg = Release|x64
		{9B1AE057-5E8D-4968-B233-15A9F6CD6489}.Release|x64.Build.0 = Release|x64
		{9B1AE057-5E8D-4968-B233-15A9F6CD6489}.Release|x86.ActiveCfg = Release|Win32
		{9B1AE057-5E8D-4968-B233-15A9F6CD6489}.Release|x86.Build.0 = Release|Win32
		{7E99A190-81B6-442A-82BF-4A8B76E2E92C}.Debug|x64.ActiveCfg = Debug|x64
		{7E99A190-81B6-442A-82BF-4A8B76E2E92C}.Debug|x64.Build.0 = Debug|x64
		{7E99A190-81B6-442A-82BF-4A8B76E2E92C}.Debug|x86.ActiveCfg = Debug|Win32
		{7E99A190-81B6-442A-82BF-4A8B76E2E92C}.Debug|x86.Build.0 = Debug|Win32
		{7E99A190-81B6-442A-82BF-4A8B76E2E92C}.Release|x64.ActiveCfg = Release|x64
		{7E99A190-81B6-442A-82BF-4A8B76E2E92C}.Release|x64.Build.0 = Release|x64
		{7E99A190-81B6-442A-82BF-4A8B76E2E92C}.Release|x86.ActiveCfg = Release|Win32
		{7E99A190-81B6-442A-82BF-4A8B76E2E92C}.Release|x86.Build.0 = Release|Win32
		{3D343A84-A4AC-43E3-BFAF-046CD83AEFE8}.Debug|x64.ActiveCfg = Debug|x64
		{3D343A84-A4AC-43E3-BFAF-046CD83AEFE8}.Debug|x64.Build.0 = Debug|x64
		{3D343A84-A4AC-43E3-BFAF-046CD83AEFE8}.Debug|x86.ActiveCfg = Debug|Win32
		{3D343A84-A4AC-43E3-BFAF-046CD83AEFE8}.Debug|x86.Build.0 = Debug|Win32
		{3D343A84-A4AC-43E3-BFAF-046CD83AEFE8}.Release|x64.ActiveCfg = Release|x64
		{3D343A84-A4AC-43E3-BFAF-046CD83AEFE8}.Release|x64.Build.0 = Release|x64
		{3D343A84-A4AC-43E3-BFAF-046CD83AEFE8}.Release|x86.ActiveCfg = Release|Win32
		{3D343A84-A4AC-43E3-BFAF-046CD83AEFE8}.Release|x86.Build.0 = Release|Win32
		{F8C9D79F-B7E5-4F00-804D-2B6309FDDC1B}.Debug|x64.ActiveCfg = Debug|x64
		{F8C9D79F-B7E5-4F00-804D-2B6309FDDC1B}.Debug|x64.Build.0 = Debug|x64
		{F8C9D79F-B7E5-4F00-804D-2B6309FDDC1B}.Debug|x86.ActiveCfg = Debug|Win32
		{F8C9D79F-B7E5-4F00-804D-2B6309FDDC1B}.Debug|x86.Build.0 = Debug|Win32
		{F8C9D79F-B7E5-4F00-804D-2B6309FDDC1B}.Release|x64.ActiveCfg = Release|x64
		{F8C9D79F-B7E5-4F00-804D-2B6309FDDC1B}.Release|x64.Build.0 = Release|x64
		{F8C9D79F-B7E5-4F00-804D-2B6309FDDC1B}.Release|x86.ActiveCfg = Release|Win32
		{F8C9D79F-B7E5-4F00-804D-2B6309FDDC1B}.Release|x86.Build.0 = Release|Win32
		{E2C430C2-02CE-4269-B72C-A6D71F5DFFE4}.Debug|x64.ActiveCfg = Debug|x64
		{E2C430C2-02CE-4269-B72C-A6D71F5DFFE4}.Debug|x64.Build.0 = Debug|x64
		{E2C430C2-02CE-4269-B72C-A6D71F5DFFE4}.Debug|x86.ActiveCfg = Debug|Win32
		{E2C430C2-02CE-4269-B72C-A6D71F5DFFE4}.Debug|x86.Build.0 = Debug|Win32
		{E2C430C2-02CE-4269-B72C-A6D71F5DFFE4}.Release|x64.ActiveCfg = Release|x64
		{E2C430C2-02CE-4269-B72C-A6D71F5DFFE4}.Release|x64.Build.0 = Release|x64
		{E2C430C2-02CE-4269-B72C-A6D71F5DFFE4}.Release|x86.ActiveCfg = Release|Win32
		{E2C430C2-02CE-4269-B72C-A6D71F5DFFE4}.Release|x86.Build.0 = Release|Win32
		{864639F1-5F9B-4E70-9C8E-300F79CE8397}.Debug|x64.ActiveCfg = Debug|x64
		{864639F1-5F9B-4E70-9C8E-300F79CE8397}.Debug|x64.Build.0 = Debug|x64
		{864639F1-5F9B-4E70-9C8E-300F79CE8397}.Debug|x86.ActiveCfg = Debug|Win32
		{864639F1-5F9B-4E70-9C8E-300F79CE8397}.Debug|x86.Build.0 = Debug|Win32
		{864639F1-5F9B-4E70-9C8E-300F79CE8397}.Release|x64.ActiveCfg = Release|x64
		{864639F1-5F9B-4E70-9C8E-300F79CE8397}.Release|x64.Build.0 = Release|x64
		{864639F1-5F9B-4E70-9C8E-300F79CE8397}.Release|x86.ActiveCfg = Release|Win32
		{864639F1-5F9B-4E70-9C8E-300F79CE8397}.Release|x86.Build.0 = Release|Win32
		{9A70D353-45D3-48DD-BC44-9149E4004210}.Debug|x64.ActiveCfg = Debug|x64
		{9A70D353-45D3-48DD-BC44-9149E4004210}.Debug|x64.Build.0 = Debug|x64
		{9A70D353-45D3-48DD-BC44-9149E4004210}.Debug|x86.ActiveCfg = Debug|Win32
		{9A70D353-45D3-48DD-BC44-9149E4004210}.Debug|x86.Build.0 = Debug|Win32
		{9A70D353-45D3-48DD-BC44-9149E4004210}.Release|x64.ActiveCfg = Release|x64
		{9A70D353-45D3-48DD-BC44-9149E4004210}.Release|x64.Build.0 = Release|x64
		{9A70D353-45D3-48DD-BC44-9149E4004210}.Release|x86.ActiveCfg = Release|Win32
		{9A70D353-45D3-48DD-BC44-9149E4004210}.Release|x86.Build.0 = Release|Win32
		{D2CF9C23-309E-46F8-BAA4-6CF0A4A794AD}.Debug|x64.ActiveCfg = Debug|x64
		{D2CF9C23-309E-46F8-BAA4-6CF0A4A794AD}.Debug|x64.Build.0 = Debug|x64
		{D2CF9C23-309E-46F8-BAA4-6CF0A4A794AD}.Debug|x86.ActiveCfg = Debug|Win32
		{D2CF9C23-309E-46F8-BAA4-6CF0A4A794AD}.Debug|x86.Build.0 = Debug|Win32
		{D2CF9C23-309E-46F8-BAA4-6CF0A4A794AD}.Release|x64.ActiveCfg = Release|x64
		{D2CF9C23-309E-46F8-BAA4-6CF0A4A794AD}.Release|x64.Build.0 = Release|x64
		{D2CF9C23-309E-46F8-BAA4-6CF0A4A794AD}.Release|x86.ActiveCfg = Release|Win32
		{D2CF9C23-309E-46F8-BAA4-6CF0A4A794AD}.Release|x86.Build.0 = Release|Win32
		{A747F2CC-9424-4556-B2B3-5278FE415F4F}.Debug|x64.ActiveCfg = Debug|x64
		{A747F2CC-9424-4556-B2B3-5278FE415F4F}.Debug|x64.Build.0 = Debug|x64
		{A747F2CC-9424-4556-B2B3-5278FE415F4F}.Debug|x86.ActiveCfg = Debug|Win32
		{A747F2CC-9424-4556-B2B3-5278FE415F4F}.Debug|x86.Build.0 = Debug|Win32
		{A747F2CC-9424-4556-B2B3-5278FE415F4F}.Release|x64.ActiveCfg = Release|x64
		{A747F2CC-9424-4556-B2B3-5278FE415F4F}.Release|x64.Build.0 = Release|x64
		{A747F2CC-9424-4556-B2B3-5278FE415F4F}.Release|x86.ActiveCfg = Release|Win32
		{A747F2CC-9424-4556-B2B3-5278FE415F4F}.Release|x86.Build.0 = Release|Win32
		{11529E0B-00E8-453F-B057-695584B2CEA4}.Debug|x64.ActiveCfg = Debug|x64
		{11529E0B-00E8-453F-B057-695584B2CEA4}.Debug|x64.Build.0 = Debug|x64
		{11529E0B-00E8-453F-B057-695584B2CEA4}.Debug|x86.ActiveCfg = Debug|Win32
		{11529E0B-00E8-453F-B057-695584B2CEA4}.Debug|x86.Build.0 = Debug|Win32
		{11529E0B-00E8-453F-B057-695584B2CEA4}.Release|x64.ActiveCfg = Release|x64
		{11529E0B-00E8-453F-B057-695584B2CEA4}.Release|x64.Build.0 = Release|x64
		{11529E0B-00E8-453F-B057-695584B2CEA4}.Release|x86.ActiveCfg = Release|Win32
		{11529E0B-00E8-453F-B057-695584B2CEA4}.Release|x86.Build.0 = Release|Win32
		{C722425D-9C37-48C3-9ED8-8111EECC222F}.Debug|x64.ActiveCfg = Debug|x64
		{C722425D-9C37-48C3-9ED8-8111EECC222F}.Debug|x64.Build.0 = Debug|x64
		{C722425D-9C37-48C3-9ED8-8111EECC222F}.Debug|x86.ActiveCfg = Debug|Win32
		{C722425D-9C37-48C3-9ED8-8111EECC222F}.Debug|x86.Build.0 = Debug|Win32
		{C722425D-9C37-48C3-9ED8-8111EECC222F}.Release|x64.ActiveCfg = Release|x64
		{C722425D-9C37-48C3-9ED8-8111EECC222F}.Release|x64.Build.0 = Release|x64
		{C722425D-9C37-48C3-9ED8-8111EECC222F}.Release|x86.ActiveCfg = Release|Win32
		{C722425D-9C37-48C3-9ED8-8111EECC222F}.Release|x86.Build.0 = Release|Win32
	EndGlobalSection
	GlobalSection(SolutionProperties) = preSolution
		HideSolutionNode = FALSE
	EndGlobalSection
	GlobalSection(NestedProjects) = preSolution
		{AD2B56C1-29C7-43D6-BC01-7FC427AE8354} = {243B531E-BA4D-4B65-A95F-C5A62A599CAD}
		{9B1AE057-5E8D-4968-B233-15A9F6CD6489} = {243B531E-BA4D-4B65-A95F-C5A62A599CAD}
		{7E99A190-81B6-442A-82BF-4A8B76E2E92C} = {243B531E-BA4D-4B65-A95F-C5A62A599CAD}
		{3D343A84-A4AC-43E3-BFAF-046CD83AEFE8} = {243B531E-BA4D-4B65-A95F-C5A62A599CAD}
		{F8C9D79F-B7E5-4F00-804D-2B6309FDDC1B} = {243B531E-BA4D-4B65-A95F-C5A62A599CAD}
		{E2C430C2-02CE-4269-B72C-A6D71F5DFFE4} = {243B531E-BA4D-4B65-A95F-C5A62A599CAD}
		{864639F1-5F9B-4E70-9C8E-300F79CE8397} = {243B531E-BA4D-4B65-A95F-C5A62A599CAD}
		{9A70D353-45D3-48DD-BC44-9149E4004210} = {243B531E-BA4D-4B65-A95F-C5A62A599CAD}
		{D2CF9C23-309E-46F8-BAA4-6CF0A4A794AD} = {243B531E-BA4D-4B65-A95F-C5A62A599CAD}
		{A747F2CC-9424-4556-B2B3-5278FE415F4F} = {243B531E-BA4D-4B65-A95F-C5A62A599CAD}
		{11529E0B-00E8-453F-B057-695584B2CEA4} = {243B531E-BA4D-4B65-A95F-C5A62A599CAD}
		{C722425D-9C37-48C3-9ED8-8111EECC222F} = {243B531E-BA4D-4B65-A95F-C5A62A599CAD}
	EndGlobalSection
	GlobalSection(ExtensibilityGlobals) = postSolution
		SolutionGuid = {CAA886D7-9147-4036-BEB1-4D5763D86490}
	EndGlobalSection
EndGlobal
